
Microsoft Visual Studio Solution File, Format Version 12.00
# Visual Studio Version 16
VisualStudioVersion = 16.0.30709.132
MinimumVisualStudioVersion = 10.0.40219.1
Project("{FAE04EC0-301F-11D3-BF4B-00C04F79EFBC}") = "ICT625Demo", "ICT625Demo\ICT625Demo.csproj", "{F7B38C32-A13F-4E0F-8705-B1075113212E}"
EndProject
Global
	GlobalSection(SolutionConfigurationPlatforms) = preSolution
		Debug|Any CPU = Debug|Any CPU
		Release|Any CPU = Release|Any CPU
	EndGlobalSection
	GlobalSection(ProjectConfigurationPlatforms) = postSolution
		{F7B38C32-A13F-4E0F-8705-B1075113212E}.Debug|Any CPU.ActiveCfg = Debug|Any CPU
		{F7B38C32-A13F-4E0F-8705-B1075113212E}.Debug|Any CPU.Build.0 = Debug|Any CPU
		{F7B38C32-A13F-4E0F-8705-B1075113212E}.Release|Any CPU.ActiveCfg = Release|Any CPU
		{F7B38C32-A13F-4E0F-8705-B1075113212E}.Release|Any CPU.Build.0 = Release|Any CPU
	EndGlobalSection
	GlobalSection(SolutionProperties) = preSolution
		HideSolutionNode = FALSE
	EndGlobalSection
	GlobalSection(ExtensibilityGlobals) = postSolution
		SolutionGuid = {1F378317-46DB-4039-92F3-B8B57866C6E4}
	EndGlobalSection
EndGlobal
